
Microsoft Visual Studio Solution File, Format Version 12.00
# Visual Studio Version 17
VisualStudioVersion = 17.5.33502.453
MinimumVisualStudioVersion = 10.0.40219.1
Project("{9A19103F-16F7-4668-BE54-9A1E7A4F7556}") = "Final_Project", "Final_Project\Final_Project.csproj", "{001FE382-6AD8-4B18-AEB6-BCFE95D11852}"
EndProject
Global
	GlobalSection(SolutionConfigurationPlatforms) = preSolution
		Debug|Any CPU = Debug|Any CPU
		Release|Any CPU = Release|Any CPU
	EndGlobalSection
	GlobalSection(ProjectConfigurationPlatforms) = postSolution
		{001FE382-6AD8-4B18-AEB6-BCFE95D11852}.Debug|Any CPU.ActiveCfg = Debug|Any CPU
		{001FE382-6AD8-4B18-AEB6-BCFE95D11852}.Debug|Any CPU.Build.0 = Debug|Any CPU
		{001FE382-6AD8-4B18-AEB6-BCFE95D11852}.Release|Any CPU.ActiveCfg = Release|Any CPU
		{001FE382-6AD8-4B18-AEB6-BCFE95D11852}.Release|Any CPU.Build.0 = Release|Any CPU
	EndGlobalSection
	GlobalSection(SolutionProperties) = preSolution
		HideSolutionNode = FALSE
	EndGlobalSection
	GlobalSection(ExtensibilityGlobals) = postSolution
		SolutionGuid = {D41563FB-C2F7-4099-B361-751D19740015}
	EndGlobalSection
EndGlobal
